lockfileVersion: 5.3

specifiers:
  react-router-dom: ^6.22.3

dependencies:
  react-router-dom: 6.22.3

packages:

  /@remix-run/router/1.15.3:
    resolution: {integrity: sha512-Oy8rmScVrVxWZVOpEF57ovlnhpZ8CCPlnIIumVcV9nFdiSIrus99+Lw78ekXyGvVDlIsFJbSfmSovJUhCWYV3w==}
    engines: {node: '>=14.0.0'}
    dev: false

  /react-router-dom/6.22.3:
    resolution: {integrity: sha512-7ZILI7HjcE+p31oQvwbokjk6OA/bnFxrhJ19n82Ex9Ph8fNAq+Hm/7KchpMGlTgWhUxRHMMCut+vEtNpWpowKw==}
    engines: {node: '>=14.0.0'}
    peerDependencies:
      react: '>=16.8'
      react-dom: '>=16.8'
    dependencies:
      '@remix-run/router': 1.15.3
      react-router: 6.22.3
    dev: false

  /react-router/6.22.3:
    resolution: {integrity: sha512-dr2eb3Mj5zK2YISHK++foM9w4eBnO23eKnZEDs7c880P6oKbrjz/Svg9+nxqtHQK+oMW4OtjZca0RqPglXxguQ==}
    engines: {node: '>=14.0.0'}
    peerDependencies:
      react: '>=16.8'
    dependencies:
      '@remix-run/router': 1.15.3
    dev: false
